Microsoft Visual Studio Solution File, Format Version 11.00
# Visual Studio 2008

Project("{D3CD53DA-78F9-D4AC-1F56-FA65DAB878BD}") = "PanelMagicCube2", "Assembly-CSharp.csproj", "{519BD999-16BD-BB3F-967B-A4446A724817}"
EndProject
Global
	GlobalSection(SolutionConfigurationPlatforms) = preSolution
		Debug|Any CPU = Debug|Any CPU
		Release|Any CPU = Release|Any CPU
	EndGlobalSection
	GlobalSection(ProjectConfigurationPlatforms) = postSolution
		{519BD999-16BD-BB3F-967B-A4446A724817}.Debug|Any CPU.ActiveCfg = Debug|Any CPU
		{519BD999-16BD-BB3F-967B-A4446A724817}.Debug|Any CPU.Build.0 = Debug|Any CPU
		{519BD999-16BD-BB3F-967B-A4446A724817}.Release|Any CPU.ActiveCfg = Release|Any CPU
		{519BD999-16BD-BB3F-967B-A4446A724817}.Release|Any CPU.Build.0 = Release|Any CPU
	EndGlobalSection
	GlobalSection(SolutionProperties) = preSolution
		HideSolutionNode = FALSE
	EndGlobalSection
	GlobalSection(MonoDevelopProperties) = preSolution
		StartupItem = Assembly-CSharp.csproj
	EndGlobalSection
EndGlobal
